
Microsoft Visual Studio Solution File, Format Version 12.00
# Visual Studio 15
VisualStudioVersion = 15.0.28307.705
MinimumVisualStudioVersion = 10.0.40219.1
Project("{FAE04EC0-301F-11D3-BF4B-00C04F79EFBC}") = "projeto_Teste", "projeto_Teste\projeto_Teste.csproj", "{C4C3A5AB-7DF4-445C-BA11-80CD3BB58ED8}"
EndProject
Global
	GlobalSection(SolutionConfigurationPlatforms) = preSolution
		Debug|Any CPU = Debug|Any CPU
		Release|Any CPU = Release|Any CPU
	EndGlobalSection
	GlobalSection(ProjectConfigurationPlatforms) = postSolution
		{C4C3A5AB-7DF4-445C-BA11-80CD3BB58ED8}.Debug|Any CPU.ActiveCfg = Debug|Any CPU
		{C4C3A5AB-7DF4-445C-BA11-80CD3BB58ED8}.Debug|Any CPU.Build.0 = Debug|Any CPU
		{C4C3A5AB-7DF4-445C-BA11-80CD3BB58ED8}.Release|Any CPU.ActiveCfg = Release|Any CPU
		{C4C3A5AB-7DF4-445C-BA11-80CD3BB58ED8}.Release|Any CPU.Build.0 = Release|Any CPU
	EndGlobalSection
	GlobalSection(SolutionProperties) = preSolution
		HideSolutionNode = FALSE
	EndGlobalSection
	GlobalSection(ExtensibilityGlobals) = postSolution
		SolutionGuid = {3CDD9031-01C5-4217-82BB-94BF9305CE46}
	EndGlobalSection
EndGlobal
